
Microsoft Visual Studio Solution File, Format Version 12.00
# Visual Studio Version 17
VisualStudioVersion = 17.14.36811.4 d17.14
MinimumVisualStudioVersion = 10.0.40219.1
Project("{FAE04EC0-301F-11D3-BF4B-00C04F79EFBC}") = "MyLanServer", "MyLanServer.csproj", "{47985A98-DCEC-4B43-9B61-86C8DE92D80E}"
EndProject
Global
	GlobalSection(SolutionConfigurationPlatforms) = preSolution
		Debug|Any CPU = Debug|Any CPU
		Release|Any CPU = Release|Any CPU
	EndGlobalSection
	GlobalSection(ProjectConfigurationPlatforms) = postSolution
		{47985A98-DCEC-4B43-9B61-86C8DE92D80E}.Debug|Any CPU.ActiveCfg = Debug|Any CPU
		{47985A98-DCEC-4B43-9B61-86C8DE92D80E}.Debug|Any CPU.Build.0 = Debug|Any CPU
		{47985A98-DCEC-4B43-9B61-86C8DE92D80E}.Release|Any CPU.ActiveCfg = Release|Any CPU
		{47985A98-DCEC-4B43-9B61-86C8DE92D80E}.Release|Any CPU.Build.0 = Release|Any CPU
	EndGlobalSection
	GlobalSection(SolutionProperties) = preSolution
		HideSolutionNode = FALSE
	EndGlobalSection
	GlobalSection(ExtensibilityGlobals) = postSolution
		SolutionGuid = {4B32F9CE-E306-4F08-A597-C51F06428AFF}
	EndGlobalSection
EndGlobal
